
Microsoft Visual Studio Solution File, Format Version 12.00
# Visual Studio 2012
Project("{FAE04EC0-301F-11D3-BF4B-00C04F79EFBC}") = "HelloWorldOwinHost", "HelloWorldOwinHost\HelloWorldOwinHost.csproj", "{9EA15B3E-7A18-4253-895B-E207E09A800A}"
EndProject
Global
	GlobalSection(SolutionConfigurationPlatforms) = preSolution
		Debug|Any CPU = Debug|Any CPU
		Release|Any CPU = Release|Any CPU
	EndGlobalSection
	GlobalSection(ProjectConfigurationPlatforms) = postSolution
		{9EA15B3E-7A18-4253-895B-E207E09A800A}.Debug|Any CPU.ActiveCfg = Debug|Any CPU
		{9EA15B3E-7A18-4253-895B-E207E09A800A}.Debug|Any CPU.Build.0 = Debug|Any CPU
		{9EA15B3E-7A18-4253-895B-E207E09A800A}.Release|Any CPU.ActiveCfg = Release|Any CPU
		{9EA15B3E-7A18-4253-895B-E207E09A800A}.Release|Any CPU.Build.0 = Release|Any CPU
	EndGlobalSection
	GlobalSection(MonoDevelopProperties) = preSolution
		StartupItem = HelloWorldOwinHost\HelloWorldOwinHost.csproj
	EndGlobalSection
EndGlobal
